Microsoft Visual Studio Solution File, Format Version 12.00
# Visual Studio Version 17
VisualStudioVersion = 17.0.31912.275
MinimumVisualStudioVersion = 10.0.40219.1
Project("{9A19103F-16F7-4668-BE54-9A1E7A4F7556}") = "ClassFromJson.Generator", "src\ClassFromJson.Generator\ClassFromJson.Generator.csproj", "{5733C65A-26E1-48F6-8B46-0058BED8D7D9}"
EndProject
Project("{9A19103F-16F7-4668-BE54-9A1E7A4F7556}") = "ClassFromJson.ConsoleApp", "src\ClassFromJson.ConsoleApp\ClassFromJson.ConsoleApp.csproj", "{5546386B-3194-486F-960D-124D57D33580}"
EndProject
Global
	GlobalSection(SolutionConfigurationPlatforms) = preSolution
		Debug|Any CPU = Debug|Any CPU
		Release|Any CPU = Release|Any CPU
	EndGlobalSection
	GlobalSection(ProjectConfigurationPlatforms) = postSolution
		{5733C65A-26E1-48F6-8B46-0058BED8D7D9}.Debug|Any CPU.ActiveCfg = Debug|Any CPU
		{5733C65A-26E1-48F6-8B46-0058BED8D7D9}.Debug|Any CPU.Build.0 = Debug|Any CPU
		{5733C65A-26E1-48F6-8B46-0058BED8D7D9}.Release|Any CPU.ActiveCfg = Release|Any CPU
		{5733C65A-26E1-48F6-8B46-0058BED8D7D9}.Release|Any CPU.Build.0 = Release|Any CPU
		{5546386B-3194-486F-960D-124D57D33580}.Debug|Any CPU.ActiveCfg = Debug|Any CPU
		{5546386B-3194-486F-960D-124D57D33580}.Debug|Any CPU.Build.0 = Debug|Any CPU
		{5546386B-3194-486F-960D-124D57D33580}.Release|Any CPU.ActiveCfg = Release|Any CPU
		{5546386B-3194-486F-960D-124D57D33580}.Release|Any CPU.Build.0 = Release|Any CPU
	EndGlobalSection
	GlobalSection(SolutionProperties) = preSolution
		HideSolutionNode = FALSE
	EndGlobalSection
	GlobalSection(ExtensibilityGlobals) = postSolution
		SolutionGuid = {9E30361E-B6F6-4698-A58A-F17419F90741}
	EndGlobalSection
EndGlobal
