Microsoft Visual Studio Solution File, Format Version 12.00
# Visual Studio Version 17
VisualStudioVersion = 17.0.31912.275
MinimumVisualStudioVersion = 10.0.40219.1
Project("{FAE04EC0-301F-11D3-BF4B-00C04F79EFBC}") = "ClassFromJson.Generator", "src\backend\ClassFromJson.Generator\ClassFromJson.Generator.csproj", "{385C2F7C-8DF3-542A-9E5B-EDC31B0CF329}"
EndProject
Project("{FAE04EC0-301F-11D3-BF4B-00C04F79EFBC}") = "ClassFromJson.ConsoleApp", "src\backend\ClassFromJson.Dtos\ClassFromJson.ConsoleApp.csproj", "{A24C56B9-1034-90FE-2A3A-D6007F1491E5}"
EndProject
Project("{FAE04EC0-301F-11D3-BF4B-00C04F79EFBC}") = "ClassFromJson.TsGen", "src\backend\ClassFromJson.TsGen\ClassFromJson.TsGen.csproj", "{DAAEC05A-1991-3283-9218-9D2D3D4A1AD9}"
EndProject
Global
	GlobalSection(SolutionConfigurationPlatforms) = preSolution
		Debug|Any CPU = Debug|Any CPU
		Release|Any CPU = Release|Any CPU
	EndGlobalSection
	GlobalSection(ProjectConfigurationPlatforms) = postSolution
		{385C2F7C-8DF3-542A-9E5B-EDC31B0CF329}.Debug|Any CPU.ActiveCfg = Debug|Any CPU
		{385C2F7C-8DF3-542A-9E5B-EDC31B0CF329}.Debug|Any CPU.Build.0 = Debug|Any CPU
		{385C2F7C-8DF3-542A-9E5B-EDC31B0CF329}.Release|Any CPU.ActiveCfg = Release|Any CPU
		{385C2F7C-8DF3-542A-9E5B-EDC31B0CF329}.Release|Any CPU.Build.0 = Release|Any CPU
		{A24C56B9-1034-90FE-2A3A-D6007F1491E5}.Debug|Any CPU.ActiveCfg = Debug|Any CPU
		{A24C56B9-1034-90FE-2A3A-D6007F1491E5}.Debug|Any CPU.Build.0 = Debug|Any CPU
		{A24C56B9-1034-90FE-2A3A-D6007F1491E5}.Release|Any CPU.ActiveCfg = Release|Any CPU
		{A24C56B9-1034-90FE-2A3A-D6007F1491E5}.Release|Any CPU.Build.0 = Release|Any CPU
		{DAAEC05A-1991-3283-9218-9D2D3D4A1AD9}.Debug|Any CPU.ActiveCfg = Debug|Any CPU
		{DAAEC05A-1991-3283-9218-9D2D3D4A1AD9}.Debug|Any CPU.Build.0 = Debug|Any CPU
		{DAAEC05A-1991-3283-9218-9D2D3D4A1AD9}.Release|Any CPU.ActiveCfg = Release|Any CPU
		{DAAEC05A-1991-3283-9218-9D2D3D4A1AD9}.Release|Any CPU.Build.0 = Release|Any CPU
	EndGlobalSection
	GlobalSection(SolutionProperties) = preSolution
		HideSolutionNode = FALSE
	EndGlobalSection
	GlobalSection(ExtensibilityGlobals) = postSolution
		SolutionGuid = {9E30361E-B6F6-4698-A58A-F17419F90741}
	EndGlobalSection
EndGlobal
